// !$*UTF8*$!
{
	archiveVersion = 1;
	classes = {
	};
	objectVersion = 46;
	objects = {

/* Begin PBXBuildFile section */
		D4C00BCD1C4DE31500C5078D /* PopUpViewController_iPad.xib in Resources */ = {isa = PBXBuildFile; fileRef = D4C00BC81C4DE31500C5078D /* PopUpViewController_iPad.xib */; };
		D4C00BCE1C4DE31500C5078D /* PopUpViewController_iPhone6.xib in Resources */ = {isa = PBXBuildFile; fileRef = D4C00BC91C4DE31500C5078D /* PopUpViewController_iPhone6.xib */; };
		D4C00BCF1C4DE31500C5078D /* PopUpViewController_iPhone6Plus.xib in Resources */ = {isa = PBXBuildFile; fileRef = D4C00BCA1C4DE31500C5078D /* PopUpViewController_iPhone6Plus.xib */; };
		D4C00BD01C4DE31500C5078D /* PopUpViewController.xib in Resources */ = {isa = PBXBuildFile; fileRef = D4C00BCB1C4DE31500C5078D /* PopUpViewController.xib */; };
		D4C00BD11C4DE31500C5078D /* PopUpViewControllerSwift.swift in Sources */ = {isa = PBXBuildFile; fileRef = D4C00BCC1C4DE31500C5078D /* PopUpViewControllerSwift.swift */; };
		D4E09DC61C4FEB100057B70C /* PopUpViewController_iPad.xib in Sources */ = {isa = PBXBuildFile; fileRef = D4C00BC81C4DE31500C5078D /* PopUpViewController_iPad.xib */; };
		D4E09DC71C4FEB100057B70C /* PopUpViewController_iPhone6.xib in Sources */ = {isa = PBXBuildFile; fileRef = D4C00BC91C4DE31500C5078D /* PopUpViewController_iPhone6.xib */; };
		D4E09DC81C4FEB100057B70C /* PopUpViewController_iPhone6Plus.xib in Sources */ = {isa = PBXBuildFile; fileRef = D4C00BCA1C4DE31500C5078D /* PopUpViewController_iPhone6Plus.xib */; };
		D4E09DC91C4FEB100057B70C /* PopUpViewController.xib in Sources */ = {isa = PBXBuildFile; fileRef = D4C00BCB1C4DE31500C5078D /* PopUpViewController.xib */; };
/* End PBXBuildFile section */

/* Begin PBXFileReference section */
		D4C00BBD1C4DE2E800C5078D /* NMPopUpView.framework */ = {isa = PBXFileReference; explicitFileType = wrapper.framework; includeInIndex = 0; path = NMPopUpView.framework; sourceTree = BUILT_PRODUCTS_DIR; };
		D4C00BC21C4DE2E800C5078D /* Info.plist */ = {isa = PBXFileReference; lastKnownFileType = text.plist.xml; path = Info.plist; sourceTree = "<group>"; };
		D4C00BC81C4DE31500C5078D /* PopUpViewController_iPad.xib */ = {isa = PBXFileReference; fileEncoding = 4; lastKnownFileType = file.xib; path = PopUpViewController_iPad.xib; sourceTree = "<group>"; };
		D4C00BC91C4DE31500C5078D /* PopUpViewController_iPhone6.xib */ = {isa = PBXFileReference; fileEncoding = 4; lastKnownFileType = file.xib; path = PopUpViewController_iPhone6.xib; sourceTree = "<group>"; };
		D4C00BCA1C4DE31500C5078D /* PopUpViewController_iPhone6Plus.xib */ = {isa = PBXFileReference; fileEncoding = 4; lastKnownFileType = file.xib; path = PopUpViewController_iPhone6Plus.xib; sourceTree = "<group>"; };
		D4C00BCB1C4DE31500C5078D /* PopUpViewController.xib */ = {isa = PBXFileReference; fileEncoding = 4; lastKnownFileType = file.xib; path = PopUpViewController.xib; sourceTree = "<group>"; };
		D4C00BCC1C4DE31500C5078D /* PopUpViewControllerSwift.swift */ = {isa = PBXFileReference; fileEncoding = 4; lastKnownFileType = sourcecode.swift; path = PopUpViewControllerSwift.swift; sourceTree = "<group>"; };
/* End PBXFileReference section */

/* Begin PBXFrameworksBuildPhase section */
		D4C00BB91C4DE2E800C5078D /* Frameworks */ = {
			isa = PBXFrameworksBuildPhase;
			buildActionMask = 2147483647;
			files = (
			);
			runOnlyForDeploymentPostprocessing = 0;
		};
/* End PBXFrameworksBuildPhase section */

/* Begin PBXGroup section */
		D4C00BB31C4DE2E800C5078D = {
			isa = PBXGroup;
			children = (
				D4C00BBF1C4DE2E800C5078D /* NMPopUpView */,
				D4C00BBE1C4DE2E800C5078D /* Products */,
			);
			sourceTree = "<group>";
		};
		D4C00BBE1C4DE2E800C5078D /* Products */ = {
			isa = PBXGroup;
			children = (
				D4C00BBD1C4DE2E800C5078D /* NMPopUpView.framework */,
			);
			name = Products;
			sourceTree = "<group>";
		};
		D4C00BBF1C4DE2E800C5078D /* NMPopUpView */ = {
			isa = PBXGroup;
			children = (
				D4C00BC81C4DE31500C5078D /* PopUpViewController_iPad.xib */,
				D4C00BC91C4DE31500C5078D /* PopUpViewController_iPhone6.xib */,
				D4C00BCA1C4DE31500C5078D /* PopUpViewController_iPhone6Plus.xib */,
				D4C00BCB1C4DE31500C5078D /* PopUpViewController.xib */,
				D4C00BCC1C4DE31500C5078D /* PopUpViewControllerSwift.swift */,
				D4C00BC21C4DE2E800C5078D /* Info.plist */,
			);
			path = NMPopUpView;
			sourceTree = "<group>";
		};
/* End PBXGroup section */

/* Begin PBXHeadersBuildPhase section */
		D4C00BBA1C4DE2E800C5078D /* Headers */ = {
			isa = PBXHeadersBuildPhase;
			buildActionMask = 2147483647;
			files = (
			);
			runOnlyForDeploymentPostprocessing = 0;
		};
/* End PBXHeadersBuildPhase section */

/* Begin PBXNativeTarget section */
		D4C00BBC1C4DE2E800C5078D /* NMPopUpView */ = {
			isa = PBXNativeTarget;
			buildConfigurationList = D4C00BC51C4DE2E800C5078D /* Build configuration list for PBXNativeTarget "NMPopUpView" */;
			buildPhases = (
				D4C00BB81C4DE2E800C5078D /* Sources */,
				D4C00BB91C4DE2E800C5078D /* Frameworks */,
				D4C00BBA1C4DE2E800C5078D /* Headers */,
				D4C00BBB1C4DE2E800C5078D /* Resources */,
			);
			buildRules = (
			);
			dependencies = (
			);
			name = NMPopUpView;
			productName = NMPopUpView;
			productReference = D4C00BBD1C4DE2E800C5078D /* NMPopUpView.framework */;
			productType = "com.apple.product-type.framework";
		};
/* End PBXNativeTarget section */

/* Begin PBXProject section */
		D4C00BB41C4DE2E800C5078D /* Project object */ = {
			isa = PBXProject;
			attributes = {
				LastUpgradeCheck = 0720;
				ORGANIZATIONNAME = "Make and Build";
				TargetAttributes = {
					D4C00BBC1C4DE2E800C5078D = {
						CreatedOnToolsVersion = 7.2;
					};
				};
			};
			buildConfigurationList = D4C00BB71C4DE2E800C5078D /* Build configuration list for PBXProject "NMPopUpView" */;
			compatibilityVersion = "Xcode 3.2";
			developmentRegion = English;
			hasScannedForEncodings = 0;
			knownRegions = (
				en,
			);
			mainGroup = D4C00BB31C4DE2E800C5078D;
			productRefGroup = D4C00BBE1C4DE2E800C5078D /* Products */;
			projectDirPath = "";
			projectRoot = "";
			targets = (
				D4C00BBC1C4DE2E800C5078D /* NMPopUpView */,
			);
		};
/* End PBXProject section */

/* Begin PBXResourcesBuildPhase section */
		D4C00BBB1C4DE2E800C5078D /* Resources */ = {
			isa = PBXResourcesBuildPhase;
			buildActionMask = 2147483647;
			files = (
				D4C00BCD1C4DE31500C5078D /* PopUpViewController_iPad.xib in Resources */,
				D4C00BCF1C4DE31500C5078D /* PopUpViewController_iPhone6Plus.xib in Resources */,
				D4C00BCE1C4DE31500C5078D /* PopUpViewController_iPhone6.xib in Resources */,
				D4C00BD01C4DE31500C5078D /* PopUpViewController.xib in Resources */,
			);
			runOnlyForDeploymentPostprocessing = 0;
		};
/* End PBXResourcesBuildPhase section */

/* Begin PBXSourcesBuildPhase section */
		D4C00BB81C4DE2E800C5078D /* Sources */ = {
			isa = PBXSourcesBuildPhase;
			buildActionMask = 2147483647;
			files = (
				D4E09DC61C4FEB100057B70C /* PopUpViewController_iPad.xib in Sources */,
				D4E09DC71C4FEB100057B70C /* PopUpViewController_iPhone6.xib in Sources */,
				D4E09DC81C4FEB100057B70C /* PopUpViewController_iPhone6Plus.xib in Sources */,
				D4E09DC91C4FEB100057B70C /* PopUpViewController.xib in Sources */,
				D4C00BD11C4DE31500C5078D /* PopUpViewControllerSwift.swift in Sources */,
			);
			runOnlyForDeploymentPostprocessing = 0;
		};
/* End PBXSourcesBuildPhase section */

/* Begin XCBuildConfiguration section */
		D4C00BC31C4DE2E800C5078D /* Debug */ = {
			isa = XCBuildConfiguration;
			buildSettings = {
				ALWAYS_SEARCH_USER_PATHS = NO;
				CLANG_CXX_LANGUAGE_STANDARD = "gnu++0x";
				CLANG_CXX_LIBRARY = "libc++";
				CLANG_ENABLE_MODULES = YES;
				CLANG_ENABLE_OBJC_ARC = YES;
				CLANG_WARN_BOOL_CONVERSION = YES;
				CLANG_WARN_CONSTANT_CONVERSION = YES;
				CLANG_WARN_DIRECT_OBJC_ISA_USAGE = YES_ERROR;
				CLANG_WARN_EMPTY_BODY = YES;
				CLANG_WARN_ENUM_CONVERSION = YES;
				CLANG_WARN_INT_CONVERSION = YES;
				CLANG_WARN_OBJC_ROOT_CLASS = YES_ERROR;
				CLANG_WARN_UNREACHABLE_CODE = YES;
				CLANG_WARN__DUPLICATE_METHOD_MATCH = YES;
				"CODE_SIGN_IDENTITY[sdk=iphoneos*]" = "iPhone Developer";
				COPY_PHASE_STRIP = NO;
				CURRENT_PROJECT_VERSION = 1;
				DEBUG_INFORMATION_FORMAT = dwarf;
				ENABLE_STRICT_OBJC_MSGSEND = YES;
				ENABLE_TESTABILITY = YES;
				GCC_C_LANGUAGE_STANDARD = gnu99;
				GCC_DYNAMIC_NO_PIC = NO;
				GCC_NO_COMMON_BLOCKS = YES;
				GCC_OPTIMIZATION_LEVEL = 0;
				GCC_PREPROCESSOR_DEFINITIONS = (
					"DEBUG=1",
					"$(inherited)",
				);
				GCC_WARN_64_TO_32_BIT_CONVERSION = YES;
				GCC_WARN_ABOUT_RETURN_TYPE = YES_ERROR;
				GCC_WARN_UNDECLARED_SELECTOR = YES;
				GCC_WARN_UNINITIALIZED_AUTOS = YES_AGGRESSIVE;
				GCC_WARN_UNUSED_FUNCTION = YES;
				GCC_WARN_UNUSED_VARIABLE = YES;
				IPHONEOS_DEPLOYMENT_TARGET = 9.2;
				MTL_ENABLE_DEBUG_INFO = YES;
				ONLY_ACTIVE_ARCH = YES;
				SDKROOT = iphoneos;
				SWIFT_OPTIMIZATION_LEVEL = "-Onone";
				TARGETED_DEVICE_FAMILY = "1,2";
				VERSIONING_SYSTEM = "apple-generic";
				VERSION_INFO_PREFIX = "";
			};
			name = Debug;
		};
		D4C00BC41C4DE2E800C5078D /* Release */ = {
			isa = XCBuildConfiguration;
			buildSettings = {
				ALWAYS_SEARCH_USER_PATHS = NO;
				CLANG_CXX_LANGUAGE_STANDARD = "gnu++0x";
				CLANG_CXX_LIBRARY = "libc++";
				CLANG_ENABLE_MODULES = YES;
				CLANG_ENABLE_OBJC_ARC = YES;
				CLANG_WARN_BOOL_CONVERSION = YES;
				CLANG_WARN_CONSTANT_CONVERSION = YES;
				CLANG_WARN_DIRECT_OBJC_ISA_USAGE = YES_ERROR;
				CLANG_WARN_EMPTY_BODY = YES;
				CLANG_WARN_ENUM_CONVERSION = YES;
				CLANG_WARN_INT_CONVERSION = YES;
				CLANG_WARN_OBJC_ROOT_CLASS = YES_ERROR;
				CLANG_WARN_UNREACHABLE_CODE = YES;
				CLANG_WARN__DUPLICATE_METHOD_MATCH = YES;
				"CODE_SIGN_IDENTITY[sdk=iphoneos*]" = "iPhone Developer";
				COPY_PHASE_STRIP = NO;
				CURRENT_PROJECT_VERSION = 1;
				DEBUG_INFORMATION_FORMAT = "dwarf-with-dsym";
				ENABLE_NS_ASSERTIONS = NO;
				ENABLE_STRICT_OBJC_MSGSEND = YES;
				GCC_C_LANGUAGE_STANDARD = gnu99;
				GCC_NO_COMMON_BLOCKS = YES;
				GCC_WARN_64_TO_32_BIT_CONVERSION = YES;
				GCC_WARN_ABOUT_RETURN_TYPE = YES_ERROR;
				GCC_WARN_UNDECLARED_SELECTOR = YES;
				GCC_WARN_UNINITIALIZED_AUTOS = YES_AGGRESSIVE;
				GCC_WARN_UNUSED_FUNCTION = YES;
				GCC_WARN_UNUSED_VARIABLE = YES;
				IPHONEOS_DEPLOYMENT_TARGET = 9.2;
				MTL_ENABLE_DEBUG_INFO = NO;
				SDKROOT = iphoneos;
				TARGETED_DEVICE_FAMILY = "1,2";
				VALIDATE_PRODUCT = YES;
				VERSIONING_SYSTEM = "apple-generic";
				VERSION_INFO_PREFIX = "";
			};
			name = Release;
		};
		D4C00BC61C4DE2E800C5078D /* Debug */ = {
			isa = XCBuildConfiguration;
			buildSettings = {
				CLANG_ENABLE_MODULES = YES;
				DEFINES_MODULE = YES;
				DYLIB_COMPATIBILITY_VERSION = 1;
				DYLIB_CURRENT_VERSION = 1;
				DYLIB_INSTALL_NAME_BASE = "@rpath";
				INFOPLIST_FILE = NMPopUpView/Info.plist;
				INSTALL_PATH = "$(LOCAL_LIBRARY_DIR)/Frameworks";
				LD_RUNPATH_SEARCH_PATHS = "$(inherited) @executable_path/Frameworks @loader_path/Frameworks";
				PRODUCT_BUNDLE_IDENTIFIER = com.makeandbuild.NMPopUpView;
				PRODUCT_NAME = "$(TARGET_NAME)";
				SKIP_INSTALL = YES;
				SWIFT_OPTIMIZATION_LEVEL = "-Onone";
				TARGETED_DEVICE_FAMILY = "1,2";
			};
			name = Debug;
		};
		D4C00BC71C4DE2E800C5078D /* Release */ = {
			isa = XCBuildConfiguration;
			buildSettings = {
				CLANG_ENABLE_MODULES = YES;
				DEFINES_MODULE = YES;
				DYLIB_COMPATIBILITY_VERSION = 1;
				DYLIB_CURRENT_VERSION = 1;
				DYLIB_INSTALL_NAME_BASE = "@rpath";
				INFOPLIST_FILE = NMPopUpView/Info.plist;
				INSTALL_PATH = "$(LOCAL_LIBRARY_DIR)/Frameworks";
				LD_RUNPATH_SEARCH_PATHS = "$(inherited) @executable_path/Frameworks @loader_path/Frameworks";
				PRODUCT_BUNDLE_IDENTIFIER = com.makeandbuild.NMPopUpView;
				PRODUCT_NAME = "$(TARGET_NAME)";
				SKIP_INSTALL = YES;
				TARGETED_DEVICE_FAMILY = "1,2";
			};
			name = Release;
		};
/* End XCBuildConfiguration section */

/* Begin XCConfigurationList section */
		D4C00BB71C4DE2E800C5078D /* Build configuration list for PBXProject "NMPopUpView" */ = {
			isa = XCConfigurationList;
			buildConfigurations = (
				D4C00BC31C4DE2E800C5078D /* Debug */,
				D4C00BC41C4DE2E800C5078D /* Release */,
			);
			defaultConfigurationIsVisible = 0;
			defaultConfigurationName = Release;
		};
		D4C00BC51C4DE2E800C5078D /* Build configuration list for PBXNativeTarget "NMPopUpView" */ = {
			isa = XCConfigurationList;
			buildConfigurations = (
				D4C00BC61C4DE2E800C5078D /* Debug */,
				D4C00BC71C4DE2E800C5078D /* Release */,
			);
			defaultConfigurationIsVisible = 0;
			defaultConfigurationName = Release;
		};
/* End XCConfigurationList section */
	};
	rootObject = D4C00BB41C4DE2E800C5078D /* Project object */;
}
